// !$*UTF8*$!
{
	archiveVersion = 1;
	classes = {
	};
	objectVersion = 77;
	objects = {

/* Begin PBXContainerItemProxy section */
		0301545E2E6DEE65000F7704 /* PBXContainerItemProxy */ = {
			isa = PBXContainerItemProxy;
			containerPortal = 030154472E6DEE64000F7704 /* Project object */;
			proxyType = 1;
			remoteGlobalIDString = 0301544E2E6DEE64000F7704;
			remoteInfo = timetracker;
		};
		030154682E6DEE65000F7704 /* PBXContainerItemProxy */ = {
			isa = PBXContainerItemProxy;
			containerPortal = 030154472E6DEE64000F7704 /* Project object */;
			proxyType = 1;
			remoteGlobalIDString = 0301544E2E6DEE64000F7704;
			remoteInfo = timetracker;
		};
/* End PBXContainerItemProxy section */

/* Begin PBXFileReference section */
		0301544F2E6DEE64000F7704 /* timetracker.app */ = {isa = PBXFileReference; explicitFileType = wrapper.application; includeInIndex = 0; path = timetracker.app; sourceTree = BUILT_PRODUCTS_DIR; };
		0301545D2E6DEE65000F7704 /* timetrackerTests.xctest */ = {isa = PBXFileReference; explicitFileType = wrapper.cfbundle; includeInIndex = 0; path = timetrackerTests.xctest; sourceTree = BUILT_PRODUCTS_DIR; };
		030154672E6DEE65000F7704 /* timetrackerUITests.xctest */ = {isa = PBXFileReference; explicitFileType = wrapper.cfbundle; includeInIndex = 0; path = timetrackerUITests.xctest; sourceTree = BUILT_PRODUCTS_DIR; };
/* End PBXFileReference section */

/* Begin PBXFileSystemSynchronizedRootGroup section */
		030154512E6DEE64000F7704 /* timetracker */ = {
			isa = PBXFileSystemSynchronizedRootGroup;
			path = timetracker;
			sourceTree = "<group>";
		};
		030154602E6DEE65000F7704 /* timetrackerTests */ = {
			isa = PBXFileSystemSynchronizedRootGroup;
			path = timetrackerTests;
			sourceTree = "<group>";
		};
		0301546A2E6DEE65000F7704 /* timetrackerUITests */ = {
			isa = PBXFileSystemSynchronizedRootGroup;
			path = timetrackerUITests;
			sourceTree = "<group>";
		};
/* End PBXFileSystemSynchronizedRootGroup section */

/* Begin PBXFrameworksBuildPhase section */
		0301544C2E6DEE64000F7704 /* Frameworks */ = {
			isa = PBXFrameworksBuildPhase;
			buildActionMask = 2147483647;
			files = (
			);
			runOnlyForDeploymentPostprocessing = 0;
		};
		0301545A2E6DEE65000F7704 /* Frameworks */ = {
			isa = PBXFrameworksBuildPhase;
			buildActionMask = 2147483647;
			files = (
			);
			runOnlyForDeploymentPostprocessing = 0;
		};
		030154642E6DEE65000F7704 /* Frameworks */ = {
			isa = PBXFrameworksBuildPhase;
			buildActionMask = 2147483647;
			files = (
			);
			runOnlyForDeploymentPostprocessing = 0;
		};
/* End PBXFrameworksBuildPhase section */

/* Begin PBXGroup section */
		030154462E6DEE64000F7704 = {
			isa = PBXGroup;
			children = (
				030154512E6DEE64000F7704 /* timetracker */,
				030154602E6DEE65000F7704 /* timetrackerTests */,
				0301546A2E6DEE65000F7704 /* timetrackerUITests */,
				030154502E6DEE64000F7704 /* Products */,
			);
			sourceTree = "<group>";
		};
		030154502E6DEE64000F7704 /* Products */ = {
			isa = PBXGroup;
			children = (
				0301544F2E6DEE64000F7704 /* timetracker.app */,
				0301545D2E6DEE65000F7704 /* timetrackerTests.xctest */,
				030154672E6DEE65000F7704 /* timetrackerUITests.xctest */,
			);
			name = Products;
			sourceTree = "<group>";
		};
/* End PBXGroup section */

/* Begin PBXNativeTarget section */
		0301544E2E6DEE64000F7704 /* timetracker */ = {
			isa = PBXNativeTarget;
			buildConfigurationList = 030154712E6DEE65000F7704 /* Build configuration list for PBXNativeTarget "timetracker" */;
			buildPhases = (
				0301544B2E6DEE64000F7704 /* Sources */,
				0301544C2E6DEE64000F7704 /* Frameworks */,
				0301544D2E6DEE64000F7704 /* Resources */,
			);
			buildRules = (
			);
			dependencies = (
			);
			fileSystemSynchronizedGroups = (
				030154512E6DEE64000F7704 /* timetracker */,
			);
			name = timetracker;
			packageProductDependencies = (
			);
			productName = timetracker;
			productReference = 0301544F2E6DEE64000F7704 /* timetracker.app */;
			productType = "com.apple.product-type.application";
		};
		0301545C2E6DEE65000F7704 /* timetrackerTests */ = {
			isa = PBXNativeTarget;
			buildConfigurationList = 030154742E6DEE65000F7704 /* Build configuration list for PBXNativeTarget "timetrackerTests" */;
			buildPhases = (
				030154592E6DEE65000F7704 /* Sources */,
				0301545A2E6DEE65000F7704 /* Frameworks */,
				0301545B2E6DEE65000F7704 /* Resources */,
			);
			buildRules = (
			);
			dependencies = (
				0301545F2E6DEE65000F7704 /* PBXTargetDependency */,
			);
			fileSystemSynchronizedGroups = (
				030154602E6DEE65000F7704 /* timetrackerTests */,
			);
			name = timetrackerTests;
			packageProductDependencies = (
			);
			productName = timetrackerTests;
			productReference = 0301545D2E6DEE65000F7704 /* timetrackerTests.xctest */;
			productType = "com.apple.product-type.bundle.unit-test";
		};
		030154662E6DEE65000F7704 /* timetrackerUITests */ = {
			isa = PBXNativeTarget;
			buildConfigurationList = 030154772E6DEE65000F7704 /* Build configuration list for PBXNativeTarget "timetrackerUITests" */;
			buildPhases = (
				030154632E6DEE65000F7704 /* Sources */,
				030154642E6DEE65000F7704 /* Frameworks */,
				030154652E6DEE65000F7704 /* Resources */,
			);
			buildRules = (
			);
			dependencies = (
				030154692E6DEE65000F7704 /* PBXTargetDependency */,
			);
			fileSystemSynchronizedGroups = (
				0301546A2E6DEE65000F7704 /* timetrackerUITests */,
			);
			name = timetrackerUITests;
			packageProductDependencies = (
			);
			productName = timetrackerUITests;
			productReference = 030154672E6DEE65000F7704 /* timetrackerUITests.xctest */;
			productType = "com.apple.product-type.bundle.ui-testing";
		};
/* End PBXNativeTarget section */

/* Begin PBXProject section */
		030154472E6DEE64000F7704 /* Project object */ = {
			isa = PBXProject;
			attributes = {
				BuildIndependentTargetsInParallel = 1;
				LastSwiftUpdateCheck = 1640;
				LastUpgradeCheck = 1640;
				TargetAttributes = {
					0301544E2E6DEE64000F7704 = {
						CreatedOnToolsVersion = 16.4;
					};
					0301545C2E6DEE65000F7704 = {
						CreatedOnToolsVersion = 16.4;
						TestTargetID = 0301544E2E6DEE64000F7704;
					};
					030154662E6DEE65000F7704 = {
						CreatedOnToolsVersion = 16.4;
						TestTargetID = 0301544E2E6DEE64000F7704;
					};
				};
			};
			buildConfigurationList = 0301544A2E6DEE64000F7704 /* Build configuration list for PBXProject "timetracker" */;
			developmentRegion = en;
			hasScannedForEncodings = 0;
			knownRegions = (
				en,
				Base,
			);
			mainGroup = 030154462E6DEE64000F7704;
			minimizedProjectReferenceProxies = 1;
			preferredProjectObjectVersion = 77;
			productRefGroup = 030154502E6DEE64000F7704 /* Products */;
			projectDirPath = "";
			projectRoot = "";
			targets = (
				0301544E2E6DEE64000F7704 /* timetracker */,
				0301545C2E6DEE65000F7704 /* timetrackerTests */,
				030154662E6DEE65000F7704 /* timetrackerUITests */,
			);
		};
/* End PBXProject section */

/* Begin PBXResourcesBuildPhase section */
		0301544D2E6DEE64000F7704 /* Resources */ = {
			isa = PBXResourcesBuildPhase;
			buildActionMask = 2147483647;
			files = (
			);
			runOnlyForDeploymentPostprocessing = 0;
		};
		0301545B2E6DEE65000F7704 /* Resources */ = {
			isa = PBXResourcesBuildPhase;
			buildActionMask = 2147483647;
			files = (
			);
			runOnlyForDeploymentPostprocessing = 0;
		};
		030154652E6DEE65000F7704 /* Resources */ = {
			isa = PBXResourcesBuildPhase;
			buildActionMask = 2147483647;
			files = (
			);
			runOnlyForDeploymentPostprocessing = 0;
		};
/* End PBXResourcesBuildPhase section */

/* Begin PBXSourcesBuildPhase section */
		0301544B2E6DEE64000F7704 /* Sources */ = {
			isa = PBXSourcesBuildPhase;
			buildActionMask = 2147483647;
			files = (
			);
			runOnlyForDeploymentPostprocessing = 0;
		};
		030154592E6DEE65000F7704 /* Sources */ = {
			isa = PBXSourcesBuildPhase;
			buildActionMask = 2147483647;
			files = (
			);
			runOnlyForDeploymentPostprocessing = 0;
		};
		030154632E6DEE65000F7704 /* Sources */ = {
			isa = PBXSourcesBuildPhase;
			buildActionMask = 2147483647;
			files = (
			);
			runOnlyForDeploymentPostprocessing = 0;
		};
/* End PBXSourcesBuildPhase section */

/* Begin PBXTargetDependency section */
		0301545F2E6DEE65000F7704 /* PBXTargetDependency */ = {
			isa = PBXTargetDependency;
			target = 0301544E2E6DEE64000F7704 /* timetracker */;
			targetProxy = 0301545E2E6DEE65000F7704 /* PBXContainerItemProxy */;
		};
		030154692E6DEE65000F7704 /* PBXTargetDependency */ = {
			isa = PBXTargetDependency;
			target = 0301544E2E6DEE64000F7704 /* timetracker */;
			targetProxy = 030154682E6DEE65000F7704 /* PBXContainerItemProxy */;
		};
/* End PBXTargetDependency section */

/* Begin XCBuildConfiguration section */
		0301546F2E6DEE65000F7704 /* Debug */ = {
			isa = XCBuildConfiguration;
			buildSettings = {
				ALWAYS_SEARCH_USER_PATHS = NO;
				ASSETCATALOG_COMPILER_GENERATE_SWIFT_ASSET_SYMBOL_EXTENSIONS = YES;
				CLANG_ANALYZER_NONNULL = YES;
				CLANG_ANALYZER_NUMBER_OBJECT_CONVERSION = YES_AGGRESSIVE;
				CLANG_CXX_LANGUAGE_STANDARD = "gnu++20";
				CLANG_ENABLE_MODULES = YES;
				CLANG_ENABLE_OBJC_ARC = YES;
				CLANG_ENABLE_OBJC_WEAK = YES;
				CLANG_WARN_BLOCK_CAPTURE_AUTORELEASING = YES;
				CLANG_WARN_BOOL_CONVERSION = YES;
				CLANG_WARN_COMMA = YES;
				CLANG_WARN_CONSTANT_CONVERSION = YES;
				CLANG_WARN_DEPRECATED_OBJC_IMPLEMENTATIONS = YES;
				CLANG_WARN_DIRECT_OBJC_ISA_USAGE = YES_ERROR;
				CLANG_WARN_DOCUMENTATION_COMMENTS = YES;
				CLANG_WARN_EMPTY_BODY = YES;
				CLANG_WARN_ENUM_CONVERSION = YES;
				CLANG_WARN_INFINITE_RECURSION = YES;
				CLANG_WARN_INT_CONVERSION = YES;
				CLANG_WARN_NON_LITERAL_NULL_CONVERSION = YES;
				CLANG_WARN_OBJC_IMPLICIT_RETAIN_SELF = YES;
				CLANG_WARN_OBJC_LITERAL_CONVERSION = YES;
				CLANG_WARN_OBJC_ROOT_CLASS = YES_ERROR;
				CLANG_WARN_QUOTED_INCLUDE_IN_FRAMEWORK_HEADER = YES;
				CLANG_WARN_RANGE_LOOP_ANALYSIS = YES;
				CLANG_WARN_STRICT_PROTOTYPES = YES;
				CLANG_WARN_SUSPICIOUS_MOVE = YES;
				CLANG_WARN_UNGUARDED_AVAILABILITY = YES_AGGRESSIVE;
				CLANG_WARN_UNREACHABLE_CODE = YES;
				CLANG_WARN__DUPLICATE_METHOD_MATCH = YES;
				COPY_PHASE_STRIP = NO;
				DEBUG_INFORMATION_FORMAT = dwarf;
				ENABLE_STRICT_OBJC_MSGSEND = YES;
				ENABLE_TESTABILITY = YES;
				ENABLE_USER_SCRIPT_SANDBOXING = YES;
				GCC_C_LANGUAGE_STANDARD = gnu17;
				GCC_DYNAMIC_NO_PIC = NO;
				GCC_NO_COMMON_BLOCKS = YES;
				GCC_OPTIMIZATION_LEVEL = 0;
				GCC_PREPROCESSOR_DEFINITIONS = (
					"DEBUG=1",
					"$(inherited)",
				);
				GCC_WARN_64_TO_32_BIT_CONVERSION = YES;
				GCC_WARN_ABOUT_RETURN_TYPE = YES_ERROR;
				GCC_WARN_UNDECLARED_SELECTOR = YES;
				GCC_WARN_UNINITIALIZED_AUTOS = YES_AGGRESSIVE;
				GCC_WARN_UNUSED_FUNCTION = YES;
				GCC_WARN_UNUSED_VARIABLE = YES;
				LOCALIZATION_PREFERS_STRING_CATALOGS = YES;
				MACOSX_DEPLOYMENT_TARGET = 15.5;
				MTL_ENABLE_DEBUG_INFO = INCLUDE_SOURCE;
				MTL_FAST_MATH = YES;
				ONLY_ACTIVE_ARCH = YES;
				SDKROOT = macosx;
				SWIFT_ACTIVE_COMPILATION_CONDITIONS = "DEBUG $(inherited)";
				SWIFT_OPTIMIZATION_LEVEL = "-Onone";
			};
			name = Debug;
		};
		030154702E6DEE65000F7704 /* Release */ = {
			isa = XCBuildConfiguration;
			buildSettings = {
				ALWAYS_SEARCH_USER_PATHS = NO;
				ASSETCATALOG_COMPILER_GENERATE_SWIFT_ASSET_SYMBOL_EXTENSIONS = YES;
				CLANG_ANALYZER_NONNULL = YES;
				CLANG_ANALYZER_NUMBER_OBJECT_CONVERSION = YES_AGGRESSIVE;
				CLANG_CXX_LANGUAGE_STANDARD = "gnu++20";
				CLANG_ENABLE_MODULES = YES;
				CLANG_ENABLE_OBJC_ARC = YES;
				CLANG_ENABLE_OBJC_WEAK = YES;
				CLANG_WARN_BLOCK_CAPTURE_AUTORELEASING = YES;
				CLANG_WARN_BOOL_CONVERSION = YES;
				CLANG_WARN_COMMA = YES;
				CLANG_WARN_CONSTANT_CONVERSION = YES;
				CLANG_WARN_DEPRECATED_OBJC_IMPLEMENTATIONS = YES;
				CLANG_WARN_DIRECT_OBJC_ISA_USAGE = YES_ERROR;
				CLANG_WARN_DOCUMENTATION_COMMENTS = YES;
				CLANG_WARN_EMPTY_BODY = YES;
				CLANG_WARN_ENUM_CONVERSION = YES;
				CLANG_WARN_INFINITE_RECURSION = YES;
				CLANG_WARN_INT_CONVERSION = YES;
				CLANG_WARN_NON_LITERAL_NULL_CONVERSION = YES;
				CLANG_WARN_OBJC_IMPLICIT_RETAIN_SELF = YES;
				CLANG_WARN_OBJC_LITERAL_CONVERSION = YES;
				CLANG_WARN_OBJC_ROOT_CLASS = YES_ERROR;
				CLANG_WARN_QUOTED_INCLUDE_IN_FRAMEWORK_HEADER = YES;
				CLANG_WARN_RANGE_LOOP_ANALYSIS = YES;
				CLANG_WARN_STRICT_PROTOTYPES = YES;
				CLANG_WARN_SUSPICIOUS_MOVE = YES;
				CLANG_WARN_UNGUARDED_AVAILABILITY = YES_AGGRESSIVE;
				CLANG_WARN_UNREACHABLE_CODE = YES;
				CLANG_WARN__DUPLICATE_METHOD_MATCH = YES;
				COPY_PHASE_STRIP = NO;
				DEBUG_INFORMATION_FORMAT = "dwarf-with-dsym";
				ENABLE_NS_ASSERTIONS = NO;
				ENABLE_STRICT_OBJC_MSGSEND = YES;
				ENABLE_USER_SCRIPT_SANDBOXING = YES;
				GCC_C_LANGUAGE_STANDARD = gnu17;
				GCC_NO_COMMON_BLOCKS = YES;
				GCC_WARN_64_TO_32_BIT_CONVERSION = YES;
				GCC_WARN_ABOUT_RETURN_TYPE = YES_ERROR;
				GCC_WARN_UNDECLARED_SELECTOR = YES;
				GCC_WARN_UNINITIALIZED_AUTOS = YES_AGGRESSIVE;
				GCC_WARN_UNUSED_FUNCTION = YES;
				GCC_WARN_UNUSED_VARIABLE = YES;
				LOCALIZATION_PREFERS_STRING_CATALOGS = YES;
				MACOSX_DEPLOYMENT_TARGET = 15.5;
				MTL_ENABLE_DEBUG_INFO = NO;
				MTL_FAST_MATH = YES;
				SDKROOT = macosx;
				SWIFT_COMPILATION_MODE = wholemodule;
			};
			name = Release;
		};
		030154722E6DEE65000F7704 /* Debug */ = {
			isa = XCBuildConfiguration;
			buildSettings = {
				ASSETCATALOG_COMPILER_APPICON_NAME = AppIcon;
				ASSETCATALOG_COMPILER_GLOBAL_ACCENT_COLOR_NAME = AccentColor;
				CODE_SIGN_ENTITLEMENTS = timetracker/timetracker.entitlements;
				CODE_SIGN_STYLE = Manual;
				COMBINE_HIDPI_IMAGES = YES;
				CURRENT_PROJECT_VERSION = 1;
				DEVELOPMENT_TEAM = "";
				ENABLE_PREVIEWS = YES;
				GENERATE_INFOPLIST_FILE = YES;
				INFOPLIST_KEY_NSHumanReadableCopyright = "";
				LD_RUNPATH_SEARCH_PATHS = (
					"$(inherited)",
					"@executable_path/../Frameworks",
				);
				MARKETING_VERSION = 1.0;
				PRODUCT_BUNDLE_IDENTIFIER = app.eweren.timetracker;
				PRODUCT_NAME = "$(TARGET_NAME)";
				PROVISIONING_PROFILE_SPECIFIER = "";
				REGISTER_APP_GROUPS = YES;
				SWIFT_EMIT_LOC_STRINGS = YES;
				SWIFT_VERSION = 5.0;
			};
			name = Debug;
		};
		030154732E6DEE65000F7704 /* Release */ = {
			isa = XCBuildConfiguration;
			buildSettings = {
				ASSETCATALOG_COMPILER_APPICON_NAME = AppIcon;
				ASSETCATALOG_COMPILER_GLOBAL_ACCENT_COLOR_NAME = AccentColor;
				CODE_SIGN_ENTITLEMENTS = timetracker/timetracker.entitlements;
				CODE_SIGN_STYLE = Manual;
				COMBINE_HIDPI_IMAGES = YES;
				CURRENT_PROJECT_VERSION = 1;
				DEVELOPMENT_TEAM = "";
				ENABLE_PREVIEWS = YES;
				GENERATE_INFOPLIST_FILE = YES;
				INFOPLIST_KEY_NSHumanReadableCopyright = "";
				LD_RUNPATH_SEARCH_PATHS = (
					"$(inherited)",
					"@executable_path/../Frameworks",
				);
				MARKETING_VERSION = 1.0;
				PRODUCT_BUNDLE_IDENTIFIER = app.eweren.timetracker;
				PRODUCT_NAME = "$(TARGET_NAME)";
				PROVISIONING_PROFILE_SPECIFIER = "";
				REGISTER_APP_GROUPS = YES;
				SWIFT_EMIT_LOC_STRINGS = YES;
				SWIFT_VERSION = 5.0;
			};
			name = Release;
		};
		030154752E6DEE65000F7704 /* Debug */ = {
			isa = XCBuildConfiguration;
			buildSettings = {
				BUNDLE_LOADER = "$(TEST_HOST)";
				CODE_SIGN_STYLE = Automatic;
				CURRENT_PROJECT_VERSION = 1;
				GENERATE_INFOPLIST_FILE = YES;
				MACOSX_DEPLOYMENT_TARGET = 15.5;
				MARKETING_VERSION = 1.0;
				PRODUCT_BUNDLE_IDENTIFIER = app.eweren.timetrackerTests;
				PRODUCT_NAME = "$(TARGET_NAME)";
				SWIFT_EMIT_LOC_STRINGS = NO;
				SWIFT_VERSION = 5.0;
				TEST_HOST = "$(BUILT_PRODUCTS_DIR)/timetracker.app/$(BUNDLE_EXECUTABLE_FOLDER_PATH)/timetracker";
			};
			name = Debug;
		};
		030154762E6DEE65000F7704 /* Release */ = {
			isa = XCBuildConfiguration;
			buildSettings = {
				BUNDLE_LOADER = "$(TEST_HOST)";
				CODE_SIGN_STYLE = Automatic;
				CURRENT_PROJECT_VERSION = 1;
				GENERATE_INFOPLIST_FILE = YES;
				MACOSX_DEPLOYMENT_TARGET = 15.5;
				MARKETING_VERSION = 1.0;
				PRODUCT_BUNDLE_IDENTIFIER = app.eweren.timetrackerTests;
				PRODUCT_NAME = "$(TARGET_NAME)";
				SWIFT_EMIT_LOC_STRINGS = NO;
				SWIFT_VERSION = 5.0;
				TEST_HOST = "$(BUILT_PRODUCTS_DIR)/timetracker.app/$(BUNDLE_EXECUTABLE_FOLDER_PATH)/timetracker";
			};
			name = Release;
		};
		030154782E6DEE65000F7704 /* Debug */ = {
			isa = XCBuildConfiguration;
			buildSettings = {
				CODE_SIGN_STYLE = Automatic;
				CURRENT_PROJECT_VERSION = 1;
				GENERATE_INFOPLIST_FILE = YES;
				MARKETING_VERSION = 1.0;
				PRODUCT_BUNDLE_IDENTIFIER = app.eweren.timetrackerUITests;
				PRODUCT_NAME = "$(TARGET_NAME)";
				SWIFT_EMIT_LOC_STRINGS = NO;
				SWIFT_VERSION = 5.0;
				TEST_TARGET_NAME = timetracker;
			};
			name = Debug;
		};
		030154792E6DEE65000F7704 /* Release */ = {
			isa = XCBuildConfiguration;
			buildSettings = {
				CODE_SIGN_STYLE = Automatic;
				CURRENT_PROJECT_VERSION = 1;
				GENERATE_INFOPLIST_FILE = YES;
				MARKETING_VERSION = 1.0;
				PRODUCT_BUNDLE_IDENTIFIER = app.eweren.timetrackerUITests;
				PRODUCT_NAME = "$(TARGET_NAME)";
				SWIFT_EMIT_LOC_STRINGS = NO;
				SWIFT_VERSION = 5.0;
				TEST_TARGET_NAME = timetracker;
			};
			name = Release;
		};
/* End XCBuildConfiguration section */

/* Begin XCConfigurationList section */
		0301544A2E6DEE64000F7704 /* Build configuration list for PBXProject "timetracker" */ = {
			isa = XCConfigurationList;
			buildConfigurations = (
				0301546F2E6DEE65000F7704 /* Debug */,
				030154702E6DEE65000F7704 /* Release */,
			);
			defaultConfigurationIsVisible = 0;
			defaultConfigurationName = Release;
		};
		030154712E6DEE65000F7704 /* Build configuration list for PBXNativeTarget "timetracker" */ = {
			isa = XCConfigurationList;
			buildConfigurations = (
				030154722E6DEE65000F7704 /* Debug */,
				030154732E6DEE65000F7704 /* Release */,
			);
			defaultConfigurationIsVisible = 0;
			defaultConfigurationName = Release;
		};
		030154742E6DEE65000F7704 /* Build configuration list for PBXNativeTarget "timetrackerTests" */ = {
			isa = XCConfigurationList;
			buildConfigurations = (
				030154752E6DEE65000F7704 /* Debug */,
				030154762E6DEE65000F7704 /* Release */,
			);
			defaultConfigurationIsVisible = 0;
			defaultConfigurationName = Release;
		};
		030154772E6DEE65000F7704 /* Build configuration list for PBXNativeTarget "timetrackerUITests" */ = {
			isa = XCConfigurationList;
			buildConfigurations = (
				030154782E6DEE65000F7704 /* Debug */,
				030154792E6DEE65000F7704 /* Release */,
			);
			defaultConfigurationIsVisible = 0;
			defaultConfigurationName = Release;
		};
/* End XCConfigurationList section */
	};
	rootObject = 030154472E6DEE64000F7704 /* Project object */;
}
